
Microsoft Visual Studio Solution File, Format Version 12.00
# Visual Studio Version 16
VisualStudioVersion = 16.0.30717.126
MinimumVisualStudioVersion = 10.0.40219.1
Project("{9A19103F-16F7-4668-BE54-9A1E7A4F7556}") = "Source", "Source\Source.csproj", "{B20EA1B9-E8EC-40C1-A1B7-1F48C812B9C9}"
EndProject
Project("{9A19103F-16F7-4668-BE54-9A1E7A4F7556}") = "Test", "Test\Test.csproj", "{2D9D04C2-1637-4D29-AF9D-63103912EEEB}"
EndProject
Global
	GlobalSection(SolutionConfigurationPlatforms) = preSolution
		Debug|Any CPU = Debug|Any CPU
		Release|Any CPU = Release|Any CPU
	EndGlobalSection
	GlobalSection(ProjectConfigurationPlatforms) = postSolution
		{B20EA1B9-E8EC-40C1-A1B7-1F48C812B9C9}.Debug|Any CPU.ActiveCfg = Debug|Any CPU
		{B20EA1B9-E8EC-40C1-A1B7-1F48C812B9C9}.Debug|Any CPU.Build.0 = Debug|Any CPU
		{B20EA1B9-E8EC-40C1-A1B7-1F48C812B9C9}.Release|Any CPU.ActiveCfg = Release|Any CPU
		{B20EA1B9-E8EC-40C1-A1B7-1F48C812B9C9}.Release|Any CPU.Build.0 = Release|Any CPU
		{2D9D04C2-1637-4D29-AF9D-63103912EEEB}.Debug|Any CPU.ActiveCfg = Debug|Any CPU
		{2D9D04C2-1637-4D29-AF9D-63103912EEEB}.Debug|Any CPU.Build.0 = Debug|Any CPU
		{2D9D04C2-1637-4D29-AF9D-63103912EEEB}.Release|Any CPU.ActiveCfg = Release|Any CPU
		{2D9D04C2-1637-4D29-AF9D-63103912EEEB}.Release|Any CPU.Build.0 = Release|Any CPU
	EndGlobalSection
	GlobalSection(SolutionProperties) = preSolution
		HideSolutionNode = FALSE
	EndGlobalSection
	GlobalSection(ExtensibilityGlobals) = postSolution
		SolutionGuid = {E81162F2-784F-4B46-990C-E65E430FCCDB}
	EndGlobalSection
EndGlobal
